PODS:
  - Markymark (9.2.1)
  - SwiftLint (0.28.1)

DEPENDENCIES:
  - Markymark (from `../`)
  - SwiftLint

SPEC REPOS:
  https://github.com/CocoaPods/Specs.git:
    - SwiftLint

EXTERNAL SOURCES:
  Markymark:
    :path: "../"

SPEC CHECKSUMS:
  Markymark: 930770e384b0dd2a93272c06ec776855033bf9c3
  SwiftLint: 7f5f7de0da74a649b16616cb5246ae323489656e

PODFILE CHECKSUM: 7261d1060339e742ab24bc0148030a16578d6a3d

COCOAPODS: 1.9.3
